{
  "requires": true,
  "lockfileVersion": 1,
  "dependencies": {
    "connective": {
      "version": "1.0.0",
      "resolved": "https://registry.npmjs.org/connective/-/connective-1.0.0.tgz",
      "integrity": "sha1-F9XdQ21BbH3OMJ3M4z2x7gWUseg="
    },
    "python-shell": {
      "version": "2.0.2",
      "resolved": "https://registry.npmjs.org/python-shell/-/python-shell-2.0.2.tgz",
      "integrity": "sha512-8zWhh3PQT8SxrYK/cxaLJkuzR+saHUnx83V5TrTlfdEDnLQ6/wVBIpc6YfYSRSRvcrz8vkORJlSzm1FYkEFq2Q=="
    },
    "ski": {
      "version": "1.0.0",
      "resolved": "https://registry.npmjs.org/ski/-/ski-1.0.0.tgz",
      "integrity": "sha1-FeSd/U8EQmDib8c8AUJlEYUhN7Y="
    },
    "tracery": {
      "version": "1.0.3",
      "resolved": "https://registry.npmjs.org/tracery/-/tracery-1.0.3.tgz",
      "integrity": "sha1-PBMzxSq7IEvQGzHmUKJregHF9x0=",
      "requires": {
        "connective": "~1.0.0",
        "ski": "~1.0.0"
      }
    }
  }
}
